// !$*UTF8*$!
{
	archiveVersion = 1;
	classes = {
	};
	objectVersion = 50;
	objects = {

/* Begin PBXBuildFile section */
		4C669725209FBCEE00B30E10 /* IMG_0418.PNG in Resources */ = {isa = PBXBuildFile; fileRef = 4C669724209FBCEE00B30E10 /* IMG_0418.PNG */; };
		4C669727209FBD8600B30E10 /* IMG_0418 copy.png in Resources */ = {isa = PBXBuildFile; fileRef = 4C669726209FBD8500B30E10 /* IMG_0418 copy.png */; };
		4CBC49B42091667B003368A8 /* AppDelegate.swift in Sources */ = {isa = PBXBuildFile; fileRef = 4CBC49B32091667B003368A8 /* AppDelegate.swift */; };
		4CBC49B62091667B003368A8 /* ViewController.swift in Sources */ = {isa = PBXBuildFile; fileRef = 4CBC49B52091667B003368A8 /* ViewController.swift */; };
		4CBC49B92091667B003368A8 /* Main.storyboard in Resources */ = {isa = PBXBuildFile; fileRef = 4CBC49B72091667B003368A8 /* Main.storyboard */; };
		4CBC49BB2091667C003368A8 /* Assets.xcassets in Resources */ = {isa = PBXBuildFile; fileRef = 4CBC49BA2091667C003368A8 /* Assets.xcassets */; };
		4CBC49BE2091667C003368A8 /* LaunchScreen.storyboard in Resources */ = {isa = PBXBuildFile; fileRef = 4CBC49BC2091667C003368A8 /* LaunchScreen.storyboard */; };
		4CBC49C92091667C003368A8 /* SJSURUNWAYTests.swift in Sources */ = {isa = PBXBuildFile; fileRef = 4CBC49C82091667C003368A8 /* SJSURUNWAYTests.swift */; };
		4CBC49D42091667C003368A8 /* SJSURUNWAYUITests.swift in Sources */ = {isa = PBXBuildFile; fileRef = 4CBC49D32091667C003368A8 /* SJSURUNWAYUITests.swift */; };
		4CBC49E420916712003368A8 /* 043017_NorthCampus_WEB_05.jpg in Resources */ = {isa = PBXBuildFile; fileRef = 4CBC49E120916712003368A8 /* 043017_NorthCampus_WEB_05.jpg */; };
		4CBC49E520916712003368A8 /* 043017_NorthCampus_WEB_05.jpg in Resources */ = {isa = PBXBuildFile; fileRef = 4CBC49E120916712003368A8 /* 043017_NorthCampus_WEB_05.jpg */; };
		4CBC49E620916712003368A8 /* 043017_NorthCampus_WEB_05.jpg in Resources */ = {isa = PBXBuildFile; fileRef = 4CBC49E120916712003368A8 /* 043017_NorthCampus_WEB_05.jpg */; };
		4CBC49E720916712003368A8 /* abstract-dark-blue-polygonal-background_1035-9700.jpg in Resources */ = {isa = PBXBuildFile; fileRef = 4CBC49E220916712003368A8 /* abstract-dark-blue-polygonal-background_1035-9700.jpg */; };
		4CBC49E820916712003368A8 /* abstract-dark-blue-polygonal-background_1035-9700.jpg in Resources */ = {isa = PBXBuildFile; fileRef = 4CBC49E220916712003368A8 /* abstract-dark-blue-polygonal-background_1035-9700.jpg */; };
		4CBC49E920916712003368A8 /* abstract-dark-blue-polygonal-background_1035-9700.jpg in Resources */ = {isa = PBXBuildFile; fileRef = 4CBC49E220916712003368A8 /* abstract-dark-blue-polygonal-background_1035-9700.jpg */; };
		4CBC49EA20916712003368A8 /* download.png in Resources */ = {isa = PBXBuildFile; fileRef = 4CBC49E320916712003368A8 /* download.png */; };
		4CBC49EB20916712003368A8 /* download.png in Resources */ = {isa = PBXBuildFile; fileRef = 4CBC49E320916712003368A8 /* download.png */; };
		4CBC49EC20916712003368A8 /* download.png in Resources */ = {isa = PBXBuildFile; fileRef = 4CBC49E320916712003368A8 /* download.png */; };
/* End PBXBuildFile section */

/* Begin PBXContainerItemProxy section */
		4CBC49C52091667C003368A8 /* PBXContainerItemProxy */ = {
			isa = PBXContainerItemProxy;
			containerPortal = 4CBC49A82091667A003368A8 /* Project object */;
			proxyType = 1;
			remoteGlobalIDString = 4CBC49AF2091667B003368A8;
			remoteInfo = SJSURUNWAY;
		};
		4CBC49D02091667C003368A8 /* PBXContainerItemProxy */ = {
			isa = PBXContainerItemProxy;
			containerPortal = 4CBC49A82091667A003368A8 /* Project object */;
			proxyType = 1;
			remoteGlobalIDString = 4CBC49AF2091667B003368A8;
			remoteInfo = SJSURUNWAY;
		};
/* End PBXContainerItemProxy section */

/* Begin PBXFileReference section */
		4C669724209FBCEE00B30E10 /* IMG_0418.PNG */ = {isa = PBXFileReference; lastKnownFileType = image.png; name = IMG_0418.PNG; path = ../../../../IMG_0418.PNG; sourceTree = "<group>"; };
		4C669726209FBD8500B30E10 /* IMG_0418 copy.png */ = {isa = PBXFileReference; lastKnownFileType = image.png; name = "IMG_0418 copy.png"; path = "../../../../IMG_0418 copy.png"; sourceTree = "<group>"; };
		4CBC49B02091667B003368A8 /* SJSURUNWAY.app */ = {isa = PBXFileReference; explicitFileType = wrapper.application; includeInIndex = 0; path = SJSURUNWAY.app; sourceTree = BUILT_PRODUCTS_DIR; };
		4CBC49B32091667B003368A8 /* AppDelegate.swift */ = {isa = PBXFileReference; lastKnownFileType = sourcecode.swift; path = AppDelegate.swift; sourceTree = "<group>"; };
		4CBC49B52091667B003368A8 /* ViewController.swift */ = {isa = PBXFileReference; lastKnownFileType = sourcecode.swift; path = ViewController.swift; sourceTree = "<group>"; };
		4CBC49B82091667B003368A8 /* Base */ = {isa = PBXFileReference; lastKnownFileType = file.storyboard; name = Base; path = Base.lproj/Main.storyboard; sourceTree = "<group>"; };
		4CBC49BA2091667C003368A8 /* Assets.xcassets */ = {isa = PBXFileReference; lastKnownFileType = folder.assetcatalog; path = Assets.xcassets; sourceTree = "<group>"; };
		4CBC49BD2091667C003368A8 /* Base */ = {isa = PBXFileReference; lastKnownFileType = file.storyboard; name = Base; path = Base.lproj/LaunchScreen.storyboard; sourceTree = "<group>"; };
		4CBC49BF2091667C003368A8 /* Info.plist */ = {isa = PBXFileReference; lastKnownFileType = text.plist.xml; path = Info.plist; sourceTree = "<group>"; };
		4CBC49C42091667C003368A8 /* SJSURUNWAYTests.xctest */ = {isa = PBXFileReference; explicitFileType = wrapper.cfbundle; includeInIndex = 0; path = SJSURUNWAYTests.xctest; sourceTree = BUILT_PRODUCTS_DIR; };
		4CBC49C82091667C003368A8 /* SJSURUNWAYTests.swift */ = {isa = PBXFileReference; lastKnownFileType = sourcecode.swift; path = SJSURUNWAYTests.swift; sourceTree = "<group>"; };
		4CBC49CA2091667C003368A8 /* Info.plist */ = {isa = PBXFileReference; lastKnownFileType = text.plist.xml; path = Info.plist; sourceTree = "<group>"; };
		4CBC49CF2091667C003368A8 /* SJSURUNWAYUITests.xctest */ = {isa = PBXFileReference; explicitFileType = wrapper.cfbundle; includeInIndex = 0; path = SJSURUNWAYUITests.xctest; sourceTree = BUILT_PRODUCTS_DIR; };
		4CBC49D32091667C003368A8 /* SJSURUNWAYUITests.swift */ = {isa = PBXFileReference; lastKnownFileType = sourcecode.swift; path = SJSURUNWAYUITests.swift; sourceTree = "<group>"; };
		4CBC49D52091667C003368A8 /* Info.plist */ = {isa = PBXFileReference; lastKnownFileType = text.plist.xml; path = Info.plist; sourceTree = "<group>"; };
		4CBC49E120916712003368A8 /* 043017_NorthCampus_WEB_05.jpg */ = {isa = PBXFileReference; lastKnownFileType = image.jpeg; name = 043017_NorthCampus_WEB_05.jpg; path = ../../../../043017_NorthCampus_WEB_05.jpg; sourceTree = "<group>"; };
		4CBC49E220916712003368A8 /* abstract-dark-blue-polygonal-background_1035-9700.jpg */ = {isa = PBXFileReference; lastKnownFileType = image.jpeg; name = "abstract-dark-blue-polygonal-background_1035-9700.jpg"; path = "../../../../abstract-dark-blue-polygonal-background_1035-9700.jpg"; sourceTree = "<group>"; };
		4CBC49E320916712003368A8 /* download.png */ = {isa = PBXFileReference; lastKnownFileType = image.png; name = download.png; path = ../../../../download.png; sourceTree = "<group>"; };
/* End PBXFileReference section */

/* Begin PBXFrameworksBuildPhase section */
		4CBC49AD2091667B003368A8 /* Frameworks */ = {
			isa = PBXFrameworksBuildPhase;
			buildActionMask = 2147483647;
			files = (
			);
			runOnlyForDeploymentPostprocessing = 0;
		};
		4CBC49C12091667C003368A8 /* Frameworks */ = {
			isa = PBXFrameworksBuildPhase;
			buildActionMask = 2147483647;
			files = (
			);
			runOnlyForDeploymentPostprocessing = 0;
		};
		4CBC49CC2091667C003368A8 /* Frameworks */ = {
			isa = PBXFrameworksBuildPhase;
			buildActionMask = 2147483647;
			files = (
			);
			runOnlyForDeploymentPostprocessing = 0;
		};
/* End PBXFrameworksBuildPhase section */

/* Begin PBXGroup section */
		4CBC49A72091667A003368A8 = {
			isa = PBXGroup;
			children = (
				4CBC49B22091667B003368A8 /* SJSURUNWAY */,
				4CBC49C72091667C003368A8 /* SJSURUNWAYTests */,
				4CBC49D22091667C003368A8 /* SJSURUNWAYUITests */,
				4CBC49B12091667B003368A8 /* Products */,
			);
			sourceTree = "<group>";
		};
		4CBC49B12091667B003368A8 /* Products */ = {
			isa = PBXGroup;
			children = (
				4CBC49B02091667B003368A8 /* SJSURUNWAY.app */,
				4CBC49C42091667C003368A8 /* SJSURUNWAYTests.xctest */,
				4CBC49CF2091667C003368A8 /* SJSURUNWAYUITests.xctest */,
			);
			name = Products;
			sourceTree = "<group>";
		};
		4CBC49B22091667B003368A8 /* SJSURUNWAY */ = {
			isa = PBXGroup;
			children = (
				4C669726209FBD8500B30E10 /* IMG_0418 copy.png */,
				4C669724209FBCEE00B30E10 /* IMG_0418.PNG */,
				4CBC49E120916712003368A8 /* 043017_NorthCampus_WEB_05.jpg */,
				4CBC49E220916712003368A8 /* abstract-dark-blue-polygonal-background_1035-9700.jpg */,
				4CBC49E320916712003368A8 /* download.png */,
				4CBC49B32091667B003368A8 /* AppDelegate.swift */,
				4CBC49B52091667B003368A8 /* ViewController.swift */,
				4CBC49B72091667B003368A8 /* Main.storyboard */,
				4CBC49BA2091667C003368A8 /* Assets.xcassets */,
				4CBC49BC2091667C003368A8 /* LaunchScreen.storyboard */,
				4CBC49BF2091667C003368A8 /* Info.plist */,
			);
			path = SJSURUNWAY;
			sourceTree = "<group>";
		};
		4CBC49C72091667C003368A8 /* SJSURUNWAYTests */ = {
			isa = PBXGroup;
			children = (
				4CBC49C82091667C003368A8 /* SJSURUNWAYTests.swift */,
				4CBC49CA2091667C003368A8 /* Info.plist */,
			);
			path = SJSURUNWAYTests;
			sourceTree = "<group>";
		};
		4CBC49D22091667C003368A8 /* SJSURUNWAYUITests */ = {
			isa = PBXGroup;
			children = (
				4CBC49D32091667C003368A8 /* SJSURUNWAYUITests.swift */,
				4CBC49D52091667C003368A8 /* Info.plist */,
			);
			path = SJSURUNWAYUITests;
			sourceTree = "<group>";
		};
/* End PBXGroup section */

/* Begin PBXNativeTarget section */
		4CBC49AF2091667B003368A8 /* SJSURUNWAY */ = {
			isa = PBXNativeTarget;
			buildConfigurationList = 4CBC49D82091667C003368A8 /* Build configuration list for PBXNativeTarget "SJSURUNWAY" */;
			buildPhases = (
				4CBC49AC2091667B003368A8 /* Sources */,
				4CBC49AD2091667B003368A8 /* Frameworks */,
				4CBC49AE2091667B003368A8 /* Resources */,
			);
			buildRules = (
			);
			dependencies = (
			);
			name = SJSURUNWAY;
			productName = SJSURUNWAY;
			productReference = 4CBC49B02091667B003368A8 /* SJSURUNWAY.app */;
			productType = "com.apple.product-type.application";
		};
		4CBC49C32091667C003368A8 /* SJSURUNWAYTests */ = {
			isa = PBXNativeTarget;
			buildConfigurationList = 4CBC49DB2091667C003368A8 /* Build configuration list for PBXNativeTarget "SJSURUNWAYTests" */;
			buildPhases = (
				4CBC49C02091667C003368A8 /* Sources */,
				4CBC49C12091667C003368A8 /* Frameworks */,
				4CBC49C22091667C003368A8 /* Resources */,
			);
			buildRules = (
			);
			dependencies = (
				4CBC49C62091667C003368A8 /* PBXTargetDependency */,
			);
			name = SJSURUNWAYTests;
			productName = SJSURUNWAYTests;
			productReference = 4CBC49C42091667C003368A8 /* SJSURUNWAYTests.xctest */;
			productType = "com.apple.product-type.bundle.unit-test";
		};
		4CBC49CE2091667C003368A8 /* SJSURUNWAYUITests */ = {
			isa = PBXNativeTarget;
			buildConfigurationList = 4CBC49DE2091667C003368A8 /* Build configuration list for PBXNativeTarget "SJSURUNWAYUITests" */;
			buildPhases = (
				4CBC49CB2091667C003368A8 /* Sources */,
				4CBC49CC2091667C003368A8 /* Frameworks */,
				4CBC49CD2091667C003368A8 /* Resources */,
			);
			buildRules = (
			);
			dependencies = (
				4CBC49D12091667C003368A8 /* PBXTargetDependency */,
			);
			name = SJSURUNWAYUITests;
			productName = SJSURUNWAYUITests;
			productReference = 4CBC49CF2091667C003368A8 /* SJSURUNWAYUITests.xctest */;
			productType = "com.apple.product-type.bundle.ui-testing";
		};
/* End PBXNativeTarget section */

/* Begin PBXProject section */
		4CBC49A82091667A003368A8 /* Project object */ = {
			isa = PBXProject;
			attributes = {
				LastSwiftUpdateCheck = 0930;
				LastUpgradeCheck = 0930;
				ORGANIZATIONNAME = "Michael Ong";
				TargetAttributes = {
					4CBC49AF2091667B003368A8 = {
						CreatedOnToolsVersion = 9.3;
					};
					4CBC49C32091667C003368A8 = {
						CreatedOnToolsVersion = 9.3;
						TestTargetID = 4CBC49AF2091667B003368A8;
					};
					4CBC49CE2091667C003368A8 = {
						CreatedOnToolsVersion = 9.3;
						TestTargetID = 4CBC49AF2091667B003368A8;
					};
				};
			};
			buildConfigurationList = 4CBC49AB2091667A003368A8 /* Build configuration list for PBXProject "SJSURUNWAY" */;
			compatibilityVersion = "Xcode 9.3";
			developmentRegion = en;
			hasScannedForEncodings = 0;
			knownRegions = (
				en,
				Base,
			);
			mainGroup = 4CBC49A72091667A003368A8;
			productRefGroup = 4CBC49B12091667B003368A8 /* Products */;
			projectDirPath = "";
			projectRoot = "";
			targets = (
				4CBC49AF2091667B003368A8 /* SJSURUNWAY */,
				4CBC49C32091667C003368A8 /* SJSURUNWAYTests */,
				4CBC49CE2091667C003368A8 /* SJSURUNWAYUITests */,
			);
		};
/* End PBXProject section */

/* Begin PBXResourcesBuildPhase section */
		4CBC49AE2091667B003368A8 /* Resources */ = {
			isa = PBXResourcesBuildPhase;
			buildActionMask = 2147483647;
			files = (
				4C669727209FBD8600B30E10 /* IMG_0418 copy.png in Resources */,
				4C669725209FBCEE00B30E10 /* IMG_0418.PNG in Resources */,
				4CBC49E720916712003368A8 /* abstract-dark-blue-polygonal-background_1035-9700.jpg in Resources */,
				4CBC49BE2091667C003368A8 /* LaunchScreen.storyboard in Resources */,
				4CBC49BB2091667C003368A8 /* Assets.xcassets in Resources */,
				4CBC49B92091667B003368A8 /* Main.storyboard in Resources */,
				4CBC49E420916712003368A8 /* 043017_NorthCampus_WEB_05.jpg in Resources */,
				4CBC49EA20916712003368A8 /* download.png in Resources */,
			);
			runOnlyForDeploymentPostprocessing = 0;
		};
		4CBC49C22091667C003368A8 /* Resources */ = {
			isa = PBXResourcesBuildPhase;
			buildActionMask = 2147483647;
			files = (
				4CBC49E820916712003368A8 /* abstract-dark-blue-polygonal-background_1035-9700.jpg in Resources */,
				4CBC49E520916712003368A8 /* 043017_NorthCampus_WEB_05.jpg in Resources */,
				4CBC49EB20916712003368A8 /* download.png in Resources */,
			);
			runOnlyForDeploymentPostprocessing = 0;
		};
		4CBC49CD2091667C003368A8 /* Resources */ = {
			isa = PBXResourcesBuildPhase;
			buildActionMask = 2147483647;
			files = (
				4CBC49E920916712003368A8 /* abstract-dark-blue-polygonal-background_1035-9700.jpg in Resources */,
				4CBC49E620916712003368A8 /* 043017_NorthCampus_WEB_05.jpg in Resources */,
				4CBC49EC20916712003368A8 /* download.png in Resources */,
			);
			runOnlyForDeploymentPostprocessing = 0;
		};
/* End PBXResourcesBuildPhase section */

/* Begin PBXSourcesBuildPhase section */
		4CBC49AC2091667B003368A8 /* Sources */ = {
			isa = PBXSourcesBuildPhase;
			buildActionMask = 2147483647;
			files = (
				4CBC49B62091667B003368A8 /* ViewController.swift in Sources */,
				4CBC49B42091667B003368A8 /* AppDelegate.swift in Sources */,
			);
			runOnlyForDeploymentPostprocessing = 0;
		};
		4CBC49C02091667C003368A8 /* Sources */ = {
			isa = PBXSourcesBuildPhase;
			buildActionMask = 2147483647;
			files = (
				4CBC49C92091667C003368A8 /* SJSURUNWAYTests.swift in Sources */,
			);
			runOnlyForDeploymentPostprocessing = 0;
		};
		4CBC49CB2091667C003368A8 /* Sources */ = {
			isa = PBXSourcesBuildPhase;
			buildActionMask = 2147483647;
			files = (
				4CBC49D42091667C003368A8 /* SJSURUNWAYUITests.swift in Sources */,
			);
			runOnlyForDeploymentPostprocessing = 0;
		};
/* End PBXSourcesBuildPhase section */

/* Begin PBXTargetDependency section */
		4CBC49C62091667C003368A8 /* PBXTargetDependency */ = {
			isa = PBXTargetDependency;
			target = 4CBC49AF2091667B003368A8 /* SJSURUNWAY */;
			targetProxy = 4CBC49C52091667C003368A8 /* PBXContainerItemProxy */;
		};
		4CBC49D12091667C003368A8 /* PBXTargetDependency */ = {
			isa = PBXTargetDependency;
			target = 4CBC49AF2091667B003368A8 /* SJSURUNWAY */;
			targetProxy = 4CBC49D02091667C003368A8 /* PBXContainerItemProxy */;
		};
/* End PBXTargetDependency section */

/* Begin PBXVariantGroup section */
		4CBC49B72091667B003368A8 /* Main.storyboard */ = {
			isa = PBXVariantGroup;
			children = (
				4CBC49B82091667B003368A8 /* Base */,
			);
			name = Main.storyboard;
			sourceTree = "<group>";
		};
		4CBC49BC2091667C003368A8 /* LaunchScreen.storyboard */ = {
			isa = PBXVariantGroup;
			children = (
				4CBC49BD2091667C003368A8 /* Base */,
			);
			name = LaunchScreen.storyboard;
			sourceTree = "<group>";
		};
/* End PBXVariantGroup section */

/* Begin XCBuildConfiguration section */
		4CBC49D62091667C003368A8 /* Debug */ = {
			isa = XCBuildConfiguration;
			buildSettings = {
				ALWAYS_SEARCH_USER_PATHS = NO;
				CLANG_ANALYZER_NONNULL = YES;
				CLANG_ANALYZER_NUMBER_OBJECT_CONVERSION = YES_AGGRESSIVE;
				CLANG_CXX_LANGUAGE_STANDARD = "gnu++14";
				CLANG_CXX_LIBRARY = "libc++";
				CLANG_ENABLE_MODULES = YES;
				CLANG_ENABLE_OBJC_ARC = YES;
				CLANG_ENABLE_OBJC_WEAK = YES;
				CLANG_WARN_BLOCK_CAPTURE_AUTORELEASING = YES;
				CLANG_WARN_BOOL_CONVERSION = YES;
				CLANG_WARN_COMMA = YES;
				CLANG_WARN_CONSTANT_CONVERSION = YES;
				CLANG_WARN_DEPRECATED_OBJC_IMPLEMENTATIONS = YES;
				CLANG_WARN_DIRECT_OBJC_ISA_USAGE = YES_ERROR;
				CLANG_WARN_DOCUMENTATION_COMMENTS = YES;
				CLANG_WARN_EMPTY_BODY = YES;
				CLANG_WARN_ENUM_CONVERSION = YES;
				CLANG_WARN_INFINITE_RECURSION = YES;
				CLANG_WARN_INT_CONVERSION = YES;
				CLANG_WARN_NON_LITERAL_NULL_CONVERSION = YES;
				CLANG_WARN_OBJC_IMPLICIT_RETAIN_SELF = YES;
				CLANG_WARN_OBJC_LITERAL_CONVERSION = YES;
				CLANG_WARN_OBJC_ROOT_CLASS = YES_ERROR;
				CLANG_WARN_RANGE_LOOP_ANALYSIS = YES;
				CLANG_WARN_STRICT_PROTOTYPES = YES;
				CLANG_WARN_SUSPICIOUS_MOVE = YES;
				CLANG_WARN_UNGUARDED_AVAILABILITY = YES_AGGRESSIVE;
				CLANG_WARN_UNREACHABLE_CODE = YES;
				CLANG_WARN__DUPLICATE_METHOD_MATCH = YES;
				CODE_SIGN_IDENTITY = "iPhone Developer";
				COPY_PHASE_STRIP = NO;
				DEBUG_INFORMATION_FORMAT = dwarf;
				ENABLE_STRICT_OBJC_MSGSEND = YES;
				ENABLE_TESTABILITY = YES;
				GCC_C_LANGUAGE_STANDARD = gnu11;
				GCC_DYNAMIC_NO_PIC = NO;
				GCC_NO_COMMON_BLOCKS = YES;
				GCC_OPTIMIZATION_LEVEL = 0;
				GCC_PREPROCESSOR_DEFINITIONS = (
					"DEBUG=1",
					"$(inherited)",
				);
				GCC_WARN_64_TO_32_BIT_CONVERSION = YES;
				GCC_WARN_ABOUT_RETURN_TYPE = YES_ERROR;
				GCC_WARN_UNDECLARED_SELECTOR = YES;
				GCC_WARN_UNINITIALIZED_AUTOS = YES_AGGRESSIVE;
				GCC_WARN_UNUSED_FUNCTION = YES;
				GCC_WARN_UNUSED_VARIABLE = YES;
				IPHONEOS_DEPLOYMENT_TARGET = 11.3;
				MTL_ENABLE_DEBUG_INFO = YES;
				ONLY_ACTIVE_ARCH = YES;
				SDKROOT = iphoneos;
				SWIFT_ACTIVE_COMPILATION_CONDITIONS = DEBUG;
				SWIFT_OPTIMIZATION_LEVEL = "-Onone";
			};
			name = Debug;
		};
		4CBC49D72091667C003368A8 /* Release */ = {
			isa = XCBuildConfiguration;
			buildSettings = {
				ALWAYS_SEARCH_USER_PATHS = NO;
				CLANG_ANALYZER_NONNULL = YES;
				CLANG_ANALYZER_NUMBER_OBJECT_CONVERSION = YES_AGGRESSIVE;
				CLANG_CXX_LANGUAGE_STANDARD = "gnu++14";
				CLANG_CXX_LIBRARY = "libc++";
				CLANG_ENABLE_MODULES = YES;
				CLANG_ENABLE_OBJC_ARC = YES;
				CLANG_ENABLE_OBJC_WEAK = YES;
				CLANG_WARN_BLOCK_CAPTURE_AUTORELEASING = YES;
				CLANG_WARN_BOOL_CONVERSION = YES;
				CLANG_WARN_COMMA = YES;
				CLANG_WARN_CONSTANT_CONVERSION = YES;
				CLANG_WARN_DEPRECATED_OBJC_IMPLEMENTATIONS = YES;
				CLANG_WARN_DIRECT_OBJC_ISA_USAGE = YES_ERROR;
				CLANG_WARN_DOCUMENTATION_COMMENTS = YES;
				CLANG_WARN_EMPTY_BODY = YES;
				CLANG_WARN_ENUM_CONVERSION = YES;
				CLANG_WARN_INFINITE_RECURSION = YES;
				CLANG_WARN_INT_CONVERSION = YES;
				CLANG_WARN_NON_LITERAL_NULL_CONVERSION = YES;
				CLANG_WARN_OBJC_IMPLICIT_RETAIN_SELF = YES;
				CLANG_WARN_OBJC_LITERAL_CONVERSION = YES;
				CLANG_WARN_OBJC_ROOT_CLASS = YES_ERROR;
				CLANG_WARN_RANGE_LOOP_ANALYSIS = YES;
				CLANG_WARN_STRICT_PROTOTYPES = YES;
				CLANG_WARN_SUSPICIOUS_MOVE = YES;
				CLANG_WARN_UNGUARDED_AVAILABILITY = YES_AGGRESSIVE;
				CLANG_WARN_UNREACHABLE_CODE = YES;
				CLANG_WARN__DUPLICATE_METHOD_MATCH = YES;
				CODE_SIGN_IDENTITY = "iPhone Developer";
				COPY_PHASE_STRIP = NO;
				DEBUG_INFORMATION_FORMAT = "dwarf-with-dsym";
				ENABLE_NS_ASSERTIONS = NO;
				ENABLE_STRICT_OBJC_MSGSEND = YES;
				GCC_C_LANGUAGE_STANDARD = gnu11;
				GCC_NO_COMMON_BLOCKS = YES;
				GCC_WARN_64_TO_32_BIT_CONVERSION = YES;
				GCC_WARN_ABOUT_RETURN_TYPE = YES_ERROR;
				GCC_WARN_UNDECLARED_SELECTOR = YES;
				GCC_WARN_UNINITIALIZED_AUTOS = YES_AGGRESSIVE;
				GCC_WARN_UNUSED_FUNCTION = YES;
				GCC_WARN_UNUSED_VARIABLE = YES;
				IPHONEOS_DEPLOYMENT_TARGET = 11.3;
				MTL_ENABLE_DEBUG_INFO = NO;
				SDKROOT = iphoneos;
				SWIFT_COMPILATION_MODE = wholemodule;
				SWIFT_OPTIMIZATION_LEVEL = "-O";
				VALIDATE_PRODUCT = YES;
			};
			name = Release;
		};
		4CBC49D92091667C003368A8 /* Debug */ = {
			isa = XCBuildConfiguration;
			buildSettings = {
				ASSETCATALOG_COMPILER_APPICON_NAME = AppIcon;
				CODE_SIGN_STYLE = Automatic;
				DEVELOPMENT_TEAM = AAGC7867H8;
				INFOPLIST_FILE = SJSURUNWAY/Info.plist;
				IPHONEOS_DEPLOYMENT_TARGET = 11.3;
				LD_RUNPATH_SEARCH_PATHS = (
					"$(inherited)",
					"@executable_path/Frameworks",
				);
				PRODUCT_BUNDLE_IDENTIFIER = com.MichaelOng.SJSURUNWAY;
				PRODUCT_NAME = "$(TARGET_NAME)";
				SWIFT_VERSION = 4.0;
				TARGETED_DEVICE_FAMILY = "1,2";
			};
			name = Debug;
		};
		4CBC49DA2091667C003368A8 /* Release */ = {
			isa = XCBuildConfiguration;
			buildSettings = {
				ASSETCATALOG_COMPILER_APPICON_NAME = AppIcon;
				CODE_SIGN_STYLE = Automatic;
				DEVELOPMENT_TEAM = AAGC7867H8;
				INFOPLIST_FILE = SJSURUNWAY/Info.plist;
				IPHONEOS_DEPLOYMENT_TARGET = 11.3;
				LD_RUNPATH_SEARCH_PATHS = (
					"$(inherited)",
					"@executable_path/Frameworks",
				);
				PRODUCT_BUNDLE_IDENTIFIER = com.MichaelOng.SJSURUNWAY;
				PRODUCT_NAME = "$(TARGET_NAME)";
				SWIFT_VERSION = 4.0;
				TARGETED_DEVICE_FAMILY = "1,2";
			};
			name = Release;
		};
		4CBC49DC2091667C003368A8 /* Debug */ = {
			isa = XCBuildConfiguration;
			buildSettings = {
				ALWAYS_EMBED_SWIFT_STANDARD_LIBRARIES = YES;
				BUNDLE_LOADER = "$(TEST_HOST)";
				CODE_SIGN_STYLE = Automatic;
				DEVELOPMENT_TEAM = AAGC7867H8;
				INFOPLIST_FILE = SJSURUNWAYTests/Info.plist;
				LD_RUNPATH_SEARCH_PATHS = (
					"$(inherited)",
					"@executable_path/Frameworks",
					"@loader_path/Frameworks",
				);
				PRODUCT_BUNDLE_IDENTIFIER = com.MichaelOng.SJSURUNWAYTests;
				PRODUCT_NAME = "$(TARGET_NAME)";
				SWIFT_VERSION = 4.0;
				TARGETED_DEVICE_FAMILY = "1,2";
				TEST_HOST = "$(BUILT_PRODUCTS_DIR)/SJSURUNWAY.app/SJSURUNWAY";
			};
			name = Debug;
		};
		4CBC49DD2091667C003368A8 /* Release */ = {
			isa = XCBuildConfiguration;
			buildSettings = {
				ALWAYS_EMBED_SWIFT_STANDARD_LIBRARIES = YES;
				BUNDLE_LOADER = "$(TEST_HOST)";
				CODE_SIGN_STYLE = Automatic;
				DEVELOPMENT_TEAM = AAGC7867H8;
				INFOPLIST_FILE = SJSURUNWAYTests/Info.plist;
				LD_RUNPATH_SEARCH_PATHS = (
					"$(inherited)",
					"@executable_path/Frameworks",
					"@loader_path/Frameworks",
				);
				PRODUCT_BUNDLE_IDENTIFIER = com.MichaelOng.SJSURUNWAYTests;
				PRODUCT_NAME = "$(TARGET_NAME)";
				SWIFT_VERSION = 4.0;
				TARGETED_DEVICE_FAMILY = "1,2";
				TEST_HOST = "$(BUILT_PRODUCTS_DIR)/SJSURUNWAY.app/SJSURUNWAY";
			};
			name = Release;
		};
		4CBC49DF2091667C003368A8 /* Debug */ = {
			isa = XCBuildConfiguration;
			buildSettings = {
				ALWAYS_EMBED_SWIFT_STANDARD_LIBRARIES = YES;
				CODE_SIGN_STYLE = Automatic;
				DEVELOPMENT_TEAM = AAGC7867H8;
				INFOPLIST_FILE = SJSURUNWAYUITests/Info.plist;
				LD_RUNPATH_SEARCH_PATHS = (
					"$(inherited)",
					"@executable_path/Frameworks",
					"@loader_path/Frameworks",
				);
				PRODUCT_BUNDLE_IDENTIFIER = com.MichaelOng.SJSURUNWAYUITests;
				PRODUCT_NAME = "$(TARGET_NAME)";
				SWIFT_VERSION = 4.0;
				TARGETED_DEVICE_FAMILY = "1,2";
				TEST_TARGET_NAME = SJSURUNWAY;
			};
			name = Debug;
		};
		4CBC49E02091667C003368A8 /* Release */ = {
			isa = XCBuildConfiguration;
			buildSettings = {
				ALWAYS_EMBED_SWIFT_STANDARD_LIBRARIES = YES;
				CODE_SIGN_STYLE = Automatic;
				DEVELOPMENT_TEAM = AAGC7867H8;
				INFOPLIST_FILE = SJSURUNWAYUITests/Info.plist;
				LD_RUNPATH_SEARCH_PATHS = (
					"$(inherited)",
					"@executable_path/Frameworks",
					"@loader_path/Frameworks",
				);
				PRODUCT_BUNDLE_IDENTIFIER = com.MichaelOng.SJSURUNWAYUITests;
				PRODUCT_NAME = "$(TARGET_NAME)";
				SWIFT_VERSION = 4.0;
				TARGETED_DEVICE_FAMILY = "1,2";
				TEST_TARGET_NAME = SJSURUNWAY;
			};
			name = Release;
		};
/* End XCBuildConfiguration section */

/* Begin XCConfigurationList section */
		4CBC49AB2091667A003368A8 /* Build configuration list for PBXProject "SJSURUNWAY" */ = {
			isa = XCConfigurationList;
			buildConfigurations = (
				4CBC49D62091667C003368A8 /* Debug */,
				4CBC49D72091667C003368A8 /* Release */,
			);
			defaultConfigurationIsVisible = 0;
			defaultConfigurationName = Release;
		};
		4CBC49D82091667C003368A8 /* Build configuration list for PBXNativeTarget "SJSURUNWAY" */ = {
			isa = XCConfigurationList;
			buildConfigurations = (
				4CBC49D92091667C003368A8 /* Debug */,
				4CBC49DA2091667C003368A8 /* Release */,
			);
			defaultConfigurationIsVisible = 0;
			defaultConfigurationName = Release;
		};
		4CBC49DB2091667C003368A8 /* Build configuration list for PBXNativeTarget "SJSURUNWAYTests" */ = {
			isa = XCConfigurationList;
			buildConfigurations = (
				4CBC49DC2091667C003368A8 /* Debug */,
				4CBC49DD2091667C003368A8 /* Release */,
			);
			defaultConfigurationIsVisible = 0;
			defaultConfigurationName = Release;
		};
		4CBC49DE2091667C003368A8 /* Build configuration list for PBXNativeTarget "SJSURUNWAYUITests" */ = {
			isa = XCConfigurationList;
			buildConfigurations = (
				4CBC49DF2091667C003368A8 /* Debug */,
				4CBC49E02091667C003368A8 /* Release */,
			);
			defaultConfigurationIsVisible = 0;
			defaultConfigurationName = Release;
		};
/* End XCConfigurationList section */
	};
	rootObject = 4CBC49A82091667A003368A8 /* Project object */;
}
